
Microsoft Visual Studio Solution File, Format Version 12.00
# Visual Studio Version 17
VisualStudioVersion = 17.7.34031.279
MinimumVisualStudioVersion = 10.0.40219.1
Project("{8BC9CEB8-8B4A-11D0-8D11-00A0C91BC942}") = "rasterizer", "rasterizer.vcxproj", "{34831488-B741-45D0-B087-D71C0EE06BFB}"
EndProject
Global
	GlobalSection(SolutionConfigurationPlatforms) = preSolution
		Debug|x64 = Debug|x64
		Debug|x86 = Debug|x86
		Release|x64 = Release|x64
		Release|x86 = Release|x86
	EndGlobalSection
	GlobalSection(ProjectConfigurationPlatforms) = postSolution
		{34831488-B741-45D0-B087-D71C0EE06BFB}.Debug|x64.ActiveCfg = Debug|x64
		{34831488-B741-45D0-B087-D71C0EE06BFB}.Debug|x64.Build.0 = Debug|x64
		{34831488-B741-45D0-B087-D71C0EE06BFB}.Debug|x86.ActiveCfg = Debug|Win32
		{34831488-B741-45D0-B087-D71C0EE06BFB}.Debug|x86.Build.0 = Debug|Win32
		{34831488-B741-45D0-B087-D71C0EE06BFB}.Release|x64.ActiveCfg = Release|x64
		{34831488-B741-45D0-B087-D71C0EE06BFB}.Release|x64.Build.0 = Release|x64
		{34831488-B741-45D0-B087-D71C0EE06BFB}.Release|x86.ActiveCfg = Release|Win32
		{34831488-B741-45D0-B087-D71C0EE06BFB}.Release|x86.Build.0 = Release|Win32
	EndGlobalSection
	GlobalSection(SolutionProperties) = preSolution
		HideSolutionNode = FALSE
	EndGlobalSection
	GlobalSection(ExtensibilityGlobals) = postSolution
		SolutionGuid = {0A8D2F35-C93D-47B3-8C4F-6019E6A1AA0A}
	EndGlobalSection
EndGlobal
